Microsoft Visual Studio Solution File, Format Version 11.00
# Visual Studio 2010
Project("{8BC9CEB8-8B4A-11D0-8D11-00A0C91BC942}") = "Splines", "splines\Splines.vcxproj", "{4408C298-030C-4161-C77E-DCE2EF0C7F1E}"
EndProject
Project("{8BC9CEB8-8B4A-11D0-8D11-00A0C91BC942}") = "botlib", "botlib\botlib.vcxproj", "{06866300-CA0E-1CEF-C7E0-80F9BB8527F7}"
EndProject
Project("{8BC9CEB8-8B4A-11D0-8D11-00A0C91BC942}") = "cgame", "cgame\cgame.vcxproj", "{7B75C615-F592-9927-2C14-0FBF545F6E22}"
EndProject
Project("{8BC9CEB8-8B4A-11D0-8D11-00A0C91BC942}") = "game", "game\game.vcxproj", "{96503669-520B-22B4-0D66-934FEE37EA97}"
EndProject
Project("{8BC9CEB8-8B4A-11D0-8D11-00A0C91BC942}") = "q3_ui", "q3_ui\q3_ui.vcxproj", "{50352E95-9B01-898B-AD65-737FE467D5FF}"
EndProject
Project("{8BC9CEB8-8B4A-11D0-8D11-00A0C91BC942}") = "quake3", "quake3.vcxproj", "{0BF9113C-8C16-6C47-BC58-0C6DF56A2744}"
EndProject
Project("{8BC9CEB8-8B4A-11D0-8D11-00A0C91BC942}") = "renderer", "renderer\renderer.vcxproj", "{F1349E44-7D39-E5BA-10F5-14E2E89F7E62}"
EndProject
Global
	GlobalSection(SolutionConfigurationPlatforms) = preSolution
		Debug Alpha|Win32 = Debug Alpha|Win32
		Debug TA DEMO|Win32 = Debug TA DEMO|Win32
		Debug TA|Win32 = Debug TA|Win32
		Debug|Win32 = Debug|Win32
		Release Alpha|Win32 = Release Alpha|Win32
		Release TA DEMO|Win32 = Release TA DEMO|Win32
		Release TA|Win32 = Release TA|Win32
		Release|Win32 = Release|Win32
		vector|Win32 = vector|Win32
	EndGlobalSection
	GlobalSection(ProjectConfigurationPlatforms) = postSolution
		{4408C298-030C-4161-C77E-DCE2EF0C7F1E}.Debug Alpha|Win32.ActiveCfg = Debug|Win32
		{4408C298-030C-4161-C77E-DCE2EF0C7F1E}.Debug Alpha|Win32.Build.0 = Debug|Win32
		{4408C298-030C-4161-C77E-DCE2EF0C7F1E}.Debug TA DEMO|Win32.ActiveCfg = Debug|Win32
		{4408C298-030C-4161-C77E-DCE2EF0C7F1E}.Debug TA DEMO|Win32.Build.0 = Debug|Win32
		{4408C298-030C-4161-C77E-DCE2EF0C7F1E}.Debug TA|Win32.ActiveCfg = Debug|Win32
		{4408C298-030C-4161-C77E-DCE2EF0C7F1E}.Debug|Win32.ActiveCfg = Debug|Win32
		{4408C298-030C-4161-C77E-DCE2EF0C7F1E}.Release Alpha|Win32.ActiveCfg = Release|Win32
		{4408C298-030C-4161-C77E-DCE2EF0C7F1E}.Release Alpha|Win32.Build.0 = Release|Win32
		{4408C298-030C-4161-C77E-DCE2EF0C7F1E}.Release TA DEMO|Win32.ActiveCfg = Release|Win32
		{4408C298-030C-4161-C77E-DCE2EF0C7F1E}.Release TA DEMO|Win32.Build.0 = Release|Win32
		{4408C298-030C-4161-C77E-DCE2EF0C7F1E}.Release TA|Win32.ActiveCfg = Release|Win32
		{4408C298-030C-4161-C77E-DCE2EF0C7F1E}.Release|Win32.ActiveCfg = Release|Win32
		{4408C298-030C-4161-C77E-DCE2EF0C7F1E}.vector|Win32.ActiveCfg = Release|Win32
		{4408C298-030C-4161-C77E-DCE2EF0C7F1E}.vector|Win32.Build.0 = Release|Win32
		{06866300-CA0E-1CEF-C7E0-80F9BB8527F7}.Debug Alpha|Win32.ActiveCfg = Debug TA|Win32
		{06866300-CA0E-1CEF-C7E0-80F9BB8527F7}.Debug Alpha|Win32.Build.0 = Debug TA|Win32
		{06866300-CA0E-1CEF-C7E0-80F9BB8527F7}.Debug TA DEMO|Win32.ActiveCfg = Debug TA|Win32
		{06866300-CA0E-1CEF-C7E0-80F9BB8527F7}.Debug TA DEMO|Win32.Build.0 = Debug TA|Win32
		{06866300-CA0E-1CEF-C7E0-80F9BB8527F7}.Debug TA|Win32.ActiveCfg = Debug TA|Win32
		{06866300-CA0E-1CEF-C7E0-80F9BB8527F7}.Debug|Win32.ActiveCfg = Debug|Win32
		{06866300-CA0E-1CEF-C7E0-80F9BB8527F7}.Release Alpha|Win32.ActiveCfg = Release TA|Win32
		{06866300-CA0E-1CEF-C7E0-80F9BB8527F7}.Release Alpha|Win32.Build.0 = Release TA|Win32
		{06866300-CA0E-1CEF-C7E0-80F9BB8527F7}.Release TA DEMO|Win32.ActiveCfg = Release TA|Win32
		{06866300-CA0E-1CEF-C7E0-80F9BB8527F7}.Release TA DEMO|Win32.Build.0 = Release TA|Win32
		{06866300-CA0E-1CEF-C7E0-80F9BB8527F7}.Release TA|Win32.ActiveCfg = Release TA|Win32
		{06866300-CA0E-1CEF-C7E0-80F9BB8527F7}.Release|Win32.ActiveCfg = Release|Win32
		{06866300-CA0E-1CEF-C7E0-80F9BB8527F7}.vector|Win32.ActiveCfg = vector|Win32
		{06866300-CA0E-1CEF-C7E0-80F9BB8527F7}.vector|Win32.Build.0 = vector|Win32
		{7B75C615-F592-9927-2C14-0FBF545F6E22}.Debug Alpha|Win32.ActiveCfg = Debug TA|Win32
		{7B75C615-F592-9927-2C14-0FBF545F6E22}.Debug Alpha|Win32.Build.0 = Debug TA|Win32
		{7B75C615-F592-9927-2C14-0FBF545F6E22}.Debug TA DEMO|Win32.ActiveCfg = Debug TA|Win32
		{7B75C615-F592-9927-2C14-0FBF545F6E22}.Debug TA DEMO|Win32.Build.0 = Debug TA|Win32
		{7B75C615-F592-9927-2C14-0FBF545F6E22}.Debug TA|Win32.ActiveCfg = Debug TA|Win32
		{7B75C615-F592-9927-2C14-0FBF545F6E22}.Debug|Win32.ActiveCfg = Debug|Win32
		{7B75C615-F592-9927-2C14-0FBF545F6E22}.Release Alpha|Win32.ActiveCfg = Release TA|Win32
		{7B75C615-F592-9927-2C14-0FBF545F6E22}.Release Alpha|Win32.Build.0 = Release TA|Win32
		{7B75C615-F592-9927-2C14-0FBF545F6E22}.Release TA DEMO|Win32.ActiveCfg = Release TA|Win32
		{7B75C615-F592-9927-2C14-0FBF545F6E22}.Release TA DEMO|Win32.Build.0 = Release TA|Win32
		{7B75C615-F592-9927-2C14-0FBF545F6E22}.Release TA|Win32.ActiveCfg = Release TA|Win32
		{7B75C615-F592-9927-2C14-0FBF545F6E22}.Release|Win32.ActiveCfg = Release|Win32
		{7B75C615-F592-9927-2C14-0FBF545F6E22}.vector|Win32.ActiveCfg = Release|Win32
		{7B75C615-F592-9927-2C14-0FBF545F6E22}.vector|Win32.Build.0 = Release|Win32
		{96503669-520B-22B4-0D66-934FEE37EA97}.Debug Alpha|Win32.ActiveCfg = Debug Alpha|Win32
		{96503669-520B-22B4-0D66-934FEE37EA97}.Debug Alpha|Win32.Build.0 = Debug Alpha|Win32
		{96503669-520B-22B4-0D66-934FEE37EA97}.Debug TA DEMO|Win32.ActiveCfg = Debug TA|Win32
		{96503669-520B-22B4-0D66-934FEE37EA97}.Debug TA DEMO|Win32.Build.0 = Debug TA|Win32
		{96503669-520B-22B4-0D66-934FEE37EA97}.Debug TA|Win32.ActiveCfg = Debug TA|Win32
		{96503669-520B-22B4-0D66-934FEE37EA97}.Debug|Win32.ActiveCfg = Debug|Win32
		{96503669-520B-22B4-0D66-934FEE37EA97}.Release Alpha|Win32.ActiveCfg = Release Alpha|Win32
		{96503669-520B-22B4-0D66-934FEE37EA97}.Release Alpha|Win32.Build.0 = Release Alpha|Win32
		{96503669-520B-22B4-0D66-934FEE37EA97}.Release TA DEMO|Win32.ActiveCfg = Release TA|Win32
		{96503669-520B-22B4-0D66-934FEE37EA97}.Release TA DEMO|Win32.Build.0 = Release TA|Win32
		{96503669-520B-22B4-0D66-934FEE37EA97}.Release TA|Win32.ActiveCfg = Release TA|Win32
		{96503669-520B-22B4-0D66-934FEE37EA97}.Release|Win32.ActiveCfg = Release|Win32
		{96503669-520B-22B4-0D66-934FEE37EA97}.vector|Win32.ActiveCfg = Release|Win32
		{96503669-520B-22B4-0D66-934FEE37EA97}.vector|Win32.Build.0 = Release|Win32
		{50352E95-9B01-898B-AD65-737FE467D5FF}.Debug Alpha|Win32.ActiveCfg = Debug TA|Win32
		{50352E95-9B01-898B-AD65-737FE467D5FF}.Debug Alpha|Win32.Build.0 = Debug TA|Win32
		{50352E95-9B01-898B-AD65-737FE467D5FF}.Debug TA DEMO|Win32.ActiveCfg = Debug TA|Win32
		{50352E95-9B01-898B-AD65-737FE467D5FF}.Debug TA DEMO|Win32.Build.0 = Debug TA|Win32
		{50352E95-9B01-898B-AD65-737FE467D5FF}.Debug TA|Win32.ActiveCfg = Debug TA|Win32
		{50352E95-9B01-898B-AD65-737FE467D5FF}.Debug|Win32.ActiveCfg = Debug|Win32
		{50352E95-9B01-898B-AD65-737FE467D5FF}.Release Alpha|Win32.ActiveCfg = Release TA|Win32
		{50352E95-9B01-898B-AD65-737FE467D5FF}.Release Alpha|Win32.Build.0 = Release TA|Win32
		{50352E95-9B01-898B-AD65-737FE467D5FF}.Release TA DEMO|Win32.ActiveCfg = Release TA|Win32
		{50352E95-9B01-898B-AD65-737FE467D5FF}.Release TA DEMO|Win32.Build.0 = Release TA|Win32
		{50352E95-9B01-898B-AD65-737FE467D5FF}.Release TA|Win32.ActiveCfg = Release TA|Win32
		{50352E95-9B01-898B-AD65-737FE467D5FF}.Release|Win32.ActiveCfg = Release|Win32
		{50352E95-9B01-898B-AD65-737FE467D5FF}.vector|Win32.ActiveCfg = Release|Win32
		{50352E95-9B01-898B-AD65-737FE467D5FF}.vector|Win32.Build.0 = Release|Win32
		{0BF9113C-8C16-6C47-BC58-0C6DF56A2744}.Debug Alpha|Win32.ActiveCfg = Debug TA|Win32
		{0BF9113C-8C16-6C47-BC58-0C6DF56A2744}.Debug Alpha|Win32.Build.0 = Debug TA|Win32
		{0BF9113C-8C16-6C47-BC58-0C6DF56A2744}.Debug TA DEMO|Win32.ActiveCfg = Debug TA DEMO|Win32
		{0BF9113C-8C16-6C47-BC58-0C6DF56A2744}.Debug TA DEMO|Win32.Build.0 = Debug TA DEMO|Win32
		{0BF9113C-8C16-6C47-BC58-0C6DF56A2744}.Debug TA|Win32.ActiveCfg = Debug TA|Win32
		{0BF9113C-8C16-6C47-BC58-0C6DF56A2744}.Debug|Win32.ActiveCfg = Debug|Win32
		{0BF9113C-8C16-6C47-BC58-0C6DF56A2744}.Release Alpha|Win32.ActiveCfg = Release TA|Win32
		{0BF9113C-8C16-6C47-BC58-0C6DF56A2744}.Release Alpha|Win32.Build.0 = Release TA|Win32
		{0BF9113C-8C16-6C47-BC58-0C6DF56A2744}.Release TA DEMO|Win32.ActiveCfg = Release TA DEMO|Win32
		{0BF9113C-8C16-6C47-BC58-0C6DF56A2744}.Release TA DEMO|Win32.Build.0 = Release TA DEMO|Win32
		{0BF9113C-8C16-6C47-BC58-0C6DF56A2744}.Release TA|Win32.ActiveCfg = Release TA|Win32
		{0BF9113C-8C16-6C47-BC58-0C6DF56A2744}.Release|Win32.ActiveCfg = Release|Win32
		{0BF9113C-8C16-6C47-BC58-0C6DF56A2744}.vector|Win32.ActiveCfg = vector|Win32
		{0BF9113C-8C16-6C47-BC58-0C6DF56A2744}.vector|Win32.Build.0 = vector|Win32
		{F1349E44-7D39-E5BA-10F5-14E2E89F7E62}.Debug Alpha|Win32.ActiveCfg = Debug TA|Win32
		{F1349E44-7D39-E5BA-10F5-14E2E89F7E62}.Debug Alpha|Win32.Build.0 = Debug TA|Win32
		{F1349E44-7D39-E5BA-10F5-14E2E89F7E62}.Debug TA DEMO|Win32.ActiveCfg = Debug TA|Win32
		{F1349E44-7D39-E5BA-10F5-14E2E89F7E62}.Debug TA DEMO|Win32.Build.0 = Debug TA|Win32
		{F1349E44-7D39-E5BA-10F5-14E2E89F7E62}.Debug TA|Win32.ActiveCfg = Debug TA|Win32
		{F1349E44-7D39-E5BA-10F5-14E2E89F7E62}.Debug|Win32.ActiveCfg = Debug|Win32
		{F1349E44-7D39-E5BA-10F5-14E2E89F7E62}.Release Alpha|Win32.ActiveCfg = Release TA|Win32
		{F1349E44-7D39-E5BA-10F5-14E2E89F7E62}.Release Alpha|Win32.Build.0 = Release TA|Win32
		{F1349E44-7D39-E5BA-10F5-14E2E89F7E62}.Release TA DEMO|Win32.ActiveCfg = Release TA|Win32
		{F1349E44-7D39-E5BA-10F5-14E2E89F7E62}.Release TA DEMO|Win32.Build.0 = Release TA|Win32
		{F1349E44-7D39-E5BA-10F5-14E2E89F7E62}.Release TA|Win32.ActiveCfg = Release TA|Win32
		{F1349E44-7D39-E5BA-10F5-14E2E89F7E62}.Release|Win32.ActiveCfg = Release|Win32
		{F1349E44-7D39-E5BA-10F5-14E2E89F7E62}.vector|Win32.ActiveCfg = vector|Win32
		{F1349E44-7D39-E5BA-10F5-14E2E89F7E62}.vector|Win32.Build.0 = vector|Win32
	EndGlobalSection
	GlobalSection(SolutionProperties) = preSolution
		HideSolutionNode = FALSE
	EndGlobalSection
EndGlobal
